
Microsoft Visual Studio Solution File, Format Version 12.00
# Visual Studio Version 16
VisualStudioVersion = 16.0.29009.5
MinimumVisualStudioVersion = 10.0.40219.1
Project("{9A19103F-16F7-4668-BE54-9A1E7A4F7556}") = "WorkBoard.Api", "WorkBoard.Api\WorkBoard.Api.csproj", "{EF67F8E9-A85B-4E89-91CD-8DF2D22EE62F}"
EndProject
Project("{9A19103F-16F7-4668-BE54-9A1E7A4F7556}") = "WorkBoard.Application", "WorkBoard.Application\WorkBoard.Application.csproj", "{5446C1B6-2133-411D-A074-490E6142699E}"
EndProject
Project("{9A19103F-16F7-4668-BE54-9A1E7A4F7556}") = "WorkBoard.DataAccess.Ef", "WorkBoard.DataAccess.Ef\WorkBoard.DataAccess.Ef.csproj", "{6008A846-2005-4703-BAAE-6C23C9EB2EAC}"
EndProject
Project("{9A19103F-16F7-4668-BE54-9A1E7A4F7556}") = "WorkBoard.Domain", "WorkBoard.Domain\WorkBoard.Domain.csproj", "{B7E27367-465A-4A18-9F6F-3D2F87C8BAA3}"
EndProject
Project("{9A19103F-16F7-4668-BE54-9A1E7A4F7556}") = "WorkBoard.IocConfig", "WorkBoard.IocConfig\WorkBoard.IocConfig.csproj", "{14C64331-0421-4955-943B-39A81383066B}"
EndProject
Project("{2150E333-8FDC-42A3-9474-1A3956D46DE8}") = "Solution Items", "Solution Items", "{F648B503-7C47-4C4D-945A-B9BE3BC608E0}"
	ProjectSection(SolutionItems) = preProject
		..\metadata.json = ..\metadata.json
	EndProjectSection
EndProject
Global
	GlobalSection(SolutionConfigurationPlatforms) = preSolution
		Debug|Any CPU = Debug|Any CPU
		Release|Any CPU = Release|Any CPU
	EndGlobalSection
	GlobalSection(ProjectConfigurationPlatforms) = postSolution
		{EF67F8E9-A85B-4E89-91CD-8DF2D22EE62F}.Debug|Any CPU.ActiveCfg = Debug|Any CPU
		{EF67F8E9-A85B-4E89-91CD-8DF2D22EE62F}.Debug|Any CPU.Build.0 = Debug|Any CPU
		{EF67F8E9-A85B-4E89-91CD-8DF2D22EE62F}.Release|Any CPU.ActiveCfg = Release|Any CPU
		{EF67F8E9-A85B-4E89-91CD-8DF2D22EE62F}.Release|Any CPU.Build.0 = Release|Any CPU
		{5446C1B6-2133-411D-A074-490E6142699E}.Debug|Any CPU.ActiveCfg = Debug|Any CPU
		{5446C1B6-2133-411D-A074-490E6142699E}.Debug|Any CPU.Build.0 = Debug|Any CPU
		{5446C1B6-2133-411D-A074-490E6142699E}.Release|Any CPU.ActiveCfg = Release|Any CPU
		{5446C1B6-2133-411D-A074-490E6142699E}.Release|Any CPU.Build.0 = Release|Any CPU
		{6008A846-2005-4703-BAAE-6C23C9EB2EAC}.Debug|Any CPU.ActiveCfg = Debug|Any CPU
		{6008A846-2005-4703-BAAE-6C23C9EB2EAC}.Debug|Any CPU.Build.0 = Debug|Any CPU
		{6008A846-2005-4703-BAAE-6C23C9EB2EAC}.Release|Any CPU.ActiveCfg = Release|Any CPU
		{6008A846-2005-4703-BAAE-6C23C9EB2EAC}.Release|Any CPU.Build.0 = Release|Any CPU
		{B7E27367-465A-4A18-9F6F-3D2F87C8BAA3}.Debug|Any CPU.ActiveCfg = Debug|Any CPU
		{B7E27367-465A-4A18-9F6F-3D2F87C8BAA3}.Debug|Any CPU.Build.0 = Debug|Any CPU
		{B7E27367-465A-4A18-9F6F-3D2F87C8BAA3}.Release|Any CPU.ActiveCfg = Release|Any CPU
		{B7E27367-465A-4A18-9F6F-3D2F87C8BAA3}.Release|Any CPU.Build.0 = Release|Any CPU
		{14C64331-0421-4955-943B-39A81383066B}.Debug|Any CPU.ActiveCfg = Debug|Any CPU
		{14C64331-0421-4955-943B-39A81383066B}.Debug|Any CPU.Build.0 = Debug|Any CPU
		{14C64331-0421-4955-943B-39A81383066B}.Release|Any CPU.ActiveCfg = Release|Any CPU
		{14C64331-0421-4955-943B-39A81383066B}.Release|Any CPU.Build.0 = Release|Any CPU
	EndGlobalSection
	GlobalSection(SolutionProperties) = preSolution
		HideSolutionNode = FALSE
	EndGlobalSection
	GlobalSection(ExtensibilityGlobals) = postSolution
		SolutionGuid = {360AD4BB-CD83-4C14-A555-DB53348344E0}
	EndGlobalSection
EndGlobal
