
Microsoft Visual Studio Solution File, Format Version 12.00
# Visual Studio Version 16
VisualStudioVersion = 16.0.29403.142
MinimumVisualStudioVersion = 10.0.40219.1
Project("{9A19103F-16F7-4668-BE54-9A1E7A4F7556}") = "WorkBoard.Api", "WorkBoard.Api\WorkBoard.Api.csproj", "{6CA99444-101D-4968-9F9B-6AF2347484F4}"
EndProject
Project("{9A19103F-16F7-4668-BE54-9A1E7A4F7556}") = "WorkBoard.Domain", "WorkBoard.Domain\WorkBoard.Domain.csproj", "{7D307B58-9A29-4F0A-9630-5ABE8791B0A7}"
EndProject
Project("{9A19103F-16F7-4668-BE54-9A1E7A4F7556}") = "WorkBoard.IocConfig", "WorkBoard.IocConfig\WorkBoard.IocConfig.csproj", "{7E38412B-044D-4343-AA64-FB43763CFAD5}"
EndProject
Project("{9A19103F-16F7-4668-BE54-9A1E7A4F7556}") = "WorkBoard.DataAccess.Ef", "WorkBoard.DataAccess.Ef\WorkBoard.DataAccess.Ef.csproj", "{173CA999-C04A-4668-9EBA-5B2BA3BECED4}"
EndProject
Project("{9A19103F-16F7-4668-BE54-9A1E7A4F7556}") = "WorkBoard.Dtos", "WorkBoard.Dtos\WorkBoard.Dtos.csproj", "{7A0382C3-8675-4324-8441-6A853545BE10}"
EndProject
Project("{9A19103F-16F7-4668-BE54-9A1E7A4F7556}") = "WorkBoard.Commands", "WorkBoard.Commands\WorkBoard.Commands.csproj", "{10F124D8-ECE9-40B2-9332-8D60E30692E5}"
EndProject
Project("{2150E333-8FDC-42A3-9474-1A3956D46DE8}") = "Solution Items", "Solution Items", "{5285E94C-396E-41AC-92E3-A1E2E4446835}"
	ProjectSection(SolutionItems) = preProject
		..\metadata.json = ..\metadata.json
	EndProjectSection
EndProject
Project("{9A19103F-16F7-4668-BE54-9A1E7A4F7556}") = "WorkBoard.Queries", "WorkBoard.Queries\WorkBoard.Queries.csproj", "{97F0BECD-D442-44D3-B13C-75FDD800B663}"
EndProject
Project("{FAE04EC0-301F-11D3-BF4B-00C04F79EFBC}") = "WorkBoard.Domain.Tests", "WorkBoard.Domain.Tests\WorkBoard.Domain.Tests.csproj", "{976D5DBF-0A9F-45EB-A5E5-EA75F4EFCB94}"
EndProject
Project("{2150E333-8FDC-42A3-9474-1A3956D46DE8}") = "Tests", "Tests", "{6FB0F8D4-A45C-4130-9C82-F5E176B152B9}"
EndProject
Global
	GlobalSection(SolutionConfigurationPlatforms) = preSolution
		Debug|Any CPU = Debug|Any CPU
		Release|Any CPU = Release|Any CPU
	EndGlobalSection
	GlobalSection(ProjectConfigurationPlatforms) = postSolution
		{6CA99444-101D-4968-9F9B-6AF2347484F4}.Debug|Any CPU.ActiveCfg = Debug|Any CPU
		{6CA99444-101D-4968-9F9B-6AF2347484F4}.Debug|Any CPU.Build.0 = Debug|Any CPU
		{6CA99444-101D-4968-9F9B-6AF2347484F4}.Release|Any CPU.ActiveCfg = Release|Any CPU
		{6CA99444-101D-4968-9F9B-6AF2347484F4}.Release|Any CPU.Build.0 = Release|Any CPU
		{7D307B58-9A29-4F0A-9630-5ABE8791B0A7}.Debug|Any CPU.ActiveCfg = Debug|Any CPU
		{7D307B58-9A29-4F0A-9630-5ABE8791B0A7}.Debug|Any CPU.Build.0 = Debug|Any CPU
		{7D307B58-9A29-4F0A-9630-5ABE8791B0A7}.Release|Any CPU.ActiveCfg = Release|Any CPU
		{7D307B58-9A29-4F0A-9630-5ABE8791B0A7}.Release|Any CPU.Build.0 = Release|Any CPU
		{7E38412B-044D-4343-AA64-FB43763CFAD5}.Debug|Any CPU.ActiveCfg = Debug|Any CPU
		{7E38412B-044D-4343-AA64-FB43763CFAD5}.Debug|Any CPU.Build.0 = Debug|Any CPU
		{7E38412B-044D-4343-AA64-FB43763CFAD5}.Release|Any CPU.ActiveCfg = Release|Any CPU
		{7E38412B-044D-4343-AA64-FB43763CFAD5}.Release|Any CPU.Build.0 = Release|Any CPU
		{173CA999-C04A-4668-9EBA-5B2BA3BECED4}.Debug|Any CPU.ActiveCfg = Debug|Any CPU
		{173CA999-C04A-4668-9EBA-5B2BA3BECED4}.Debug|Any CPU.Build.0 = Debug|Any CPU
		{173CA999-C04A-4668-9EBA-5B2BA3BECED4}.Release|Any CPU.ActiveCfg = Release|Any CPU
		{173CA999-C04A-4668-9EBA-5B2BA3BECED4}.Release|Any CPU.Build.0 = Release|Any CPU
		{7A0382C3-8675-4324-8441-6A853545BE10}.Debug|Any CPU.ActiveCfg = Debug|Any CPU
		{7A0382C3-8675-4324-8441-6A853545BE10}.Debug|Any CPU.Build.0 = Debug|Any CPU
		{7A0382C3-8675-4324-8441-6A853545BE10}.Release|Any CPU.ActiveCfg = Release|Any CPU
		{7A0382C3-8675-4324-8441-6A853545BE10}.Release|Any CPU.Build.0 = Release|Any CPU
		{10F124D8-ECE9-40B2-9332-8D60E30692E5}.Debug|Any CPU.ActiveCfg = Debug|Any CPU
		{10F124D8-ECE9-40B2-9332-8D60E30692E5}.Debug|Any CPU.Build.0 = Debug|Any CPU
		{10F124D8-ECE9-40B2-9332-8D60E30692E5}.Release|Any CPU.ActiveCfg = Release|Any CPU
		{10F124D8-ECE9-40B2-9332-8D60E30692E5}.Release|Any CPU.Build.0 = Release|Any CPU
		{97F0BECD-D442-44D3-B13C-75FDD800B663}.Debug|Any CPU.ActiveCfg = Debug|Any CPU
		{97F0BECD-D442-44D3-B13C-75FDD800B663}.Debug|Any CPU.Build.0 = Debug|Any CPU
		{97F0BECD-D442-44D3-B13C-75FDD800B663}.Release|Any CPU.ActiveCfg = Release|Any CPU
		{97F0BECD-D442-44D3-B13C-75FDD800B663}.Release|Any CPU.Build.0 = Release|Any CPU
		{976D5DBF-0A9F-45EB-A5E5-EA75F4EFCB94}.Debug|Any CPU.ActiveCfg = Debug|Any CPU
		{976D5DBF-0A9F-45EB-A5E5-EA75F4EFCB94}.Debug|Any CPU.Build.0 = Debug|Any CPU
		{976D5DBF-0A9F-45EB-A5E5-EA75F4EFCB94}.Release|Any CPU.ActiveCfg = Release|Any CPU
		{976D5DBF-0A9F-45EB-A5E5-EA75F4EFCB94}.Release|Any CPU.Build.0 = Release|Any CPU
	EndGlobalSection
	GlobalSection(SolutionProperties) = preSolution
		HideSolutionNode = FALSE
	EndGlobalSection
	GlobalSection(NestedProjects) = preSolution
		{976D5DBF-0A9F-45EB-A5E5-EA75F4EFCB94} = {6FB0F8D4-A45C-4130-9C82-F5E176B152B9}
	EndGlobalSection
	GlobalSection(ExtensibilityGlobals) = postSolution
		SolutionGuid = {D76DBC7C-2789-4830-B7AD-D7E04804E06E}
	EndGlobalSection
EndGlobal
